// !$*UTF8*$!
{
	archiveVersion = 1;
	classes = {
	};
	objectVersion = 50;
	objects = {

/* Begin PBXBuildFile section */
		7A2B9A76218A060C00060943 /* AppDelegate.swift in Sources */ = {isa = PBXBuildFile; fileRef = 7A2B9A75218A060C00060943 /* AppDelegate.swift */; };
		7A2B9A78218A060C00060943 /* ViewController.swift in Sources */ = {isa = PBXBuildFile; fileRef = 7A2B9A77218A060C00060943 /* ViewController.swift */; };
		7A2B9A7B218A060C00060943 /* Main.storyboard in Resources */ = {isa = PBXBuildFile; fileRef = 7A2B9A79218A060C00060943 /* Main.storyboard */; };
		7A2B9A7D218A060E00060943 /* Assets.xcassets in Resources */ = {isa = PBXBuildFile; fileRef = 7A2B9A7C218A060E00060943 /* Assets.xcassets */; };
		7A2B9A80218A060E00060943 /* LaunchScreen.storyboard in Resources */ = {isa = PBXBuildFile; fileRef = 7A2B9A7E218A060E00060943 /* LaunchScreen.storyboard */; };
		7A2B9A8E218A062700060943 /* SampleAppWithGPXUITests.swift in Sources */ = {isa = PBXBuildFile; fileRef = 7A2B9A8D218A062700060943 /* SampleAppWithGPXUITests.swift */; };
/* End PBXBuildFile section */

/* Begin PBXContainerItemProxy section */
		7A2B9A90218A062700060943 /* PBXContainerItemProxy */ = {
			isa = PBXContainerItemProxy;
			containerPortal = 7A2B9A6A218A060C00060943 /* Project object */;
			proxyType = 1;
			remoteGlobalIDString = 7A2B9A71218A060C00060943;
			remoteInfo = SampleAppWithGPX;
		};
/* End PBXContainerItemProxy section */

/* Begin PBXFileReference section */
		7A2B9A72218A060C00060943 /* SampleAppWithGPX.app */ = {isa = PBXFileReference; explicitFileType = wrapper.application; includeInIndex = 0; path = SampleAppWithGPX.app; sourceTree = BUILT_PRODUCTS_DIR; };
		7A2B9A75218A060C00060943 /* AppDelegate.swift */ = {isa = PBXFileReference; lastKnownFileType = sourcecode.swift; path = AppDelegate.swift; sourceTree = "<group>"; };
		7A2B9A77218A060C00060943 /* ViewController.swift */ = {isa = PBXFileReference; lastKnownFileType = sourcecode.swift; path = ViewController.swift; sourceTree = "<group>"; };
		7A2B9A7A218A060C00060943 /* Base */ = {isa = PBXFileReference; lastKnownFileType = file.storyboard; name = Base; path = Base.lproj/Main.storyboard; sourceTree = "<group>"; };
		7A2B9A7C218A060E00060943 /* Assets.xcassets */ = {isa = PBXFileReference; lastKnownFileType = folder.assetcatalog; path = Assets.xcassets; sourceTree = "<group>"; };
		7A2B9A7F218A060E00060943 /* Base */ = {isa = PBXFileReference; lastKnownFileType = file.storyboard; name = Base; path = Base.lproj/LaunchScreen.storyboard; sourceTree = "<group>"; };
		7A2B9A81218A060E00060943 /* Info.plist */ = {isa = PBXFileReference; lastKnownFileType = text.plist.xml; path = Info.plist; sourceTree = "<group>"; };
		7A2B9A8B218A062700060943 /* SampleAppWithGPXUITests.xctest */ = {isa = PBXFileReference; explicitFileType = wrapper.cfbundle; includeInIndex = 0; path = SampleAppWithGPXUITests.xctest; sourceTree = BUILT_PRODUCTS_DIR; };
		7A2B9A8D218A062700060943 /* SampleAppWithGPXUITests.swift */ = {isa = PBXFileReference; lastKnownFileType = sourcecode.swift; path = SampleAppWithGPXUITests.swift; sourceTree = "<group>"; };
		7A2B9A8F218A062700060943 /* Info.plist */ = {isa = PBXFileReference; lastKnownFileType = text.plist.xml; path = Info.plist; sourceTree = "<group>"; };
		7A2B9A95218A063A00060943 /* Morning_Run.gpx */ = {isa = PBXFileReference; lastKnownFileType = text.xml; path = Morning_Run.gpx; sourceTree = "<group>"; };
/* End PBXFileReference section */

/* Begin PBXFrameworksBuildPhase section */
		7A2B9A6F218A060C00060943 /* Frameworks */ = {
			isa = PBXFrameworksBuildPhase;
			buildActionMask = 2147483647;
			files = (
			);
			runOnlyForDeploymentPostprocessing = 0;
		};
		7A2B9A88218A062700060943 /* Frameworks */ = {
			isa = PBXFrameworksBuildPhase;
			buildActionMask = 2147483647;
			files = (
			);
			runOnlyForDeploymentPostprocessing = 0;
		};
/* End PBXFrameworksBuildPhase section */

/* Begin PBXGroup section */
		7A2B9A69218A060C00060943 = {
			isa = PBXGroup;
			children = (
				7A2B9A95218A063A00060943 /* Morning_Run.gpx */,
				7A2B9A74218A060C00060943 /* SampleAppWithGPX */,
				7A2B9A8C218A062700060943 /* SampleAppWithGPXUITests */,
				7A2B9A73218A060C00060943 /* Products */,
			);
			sourceTree = "<group>";
		};
		7A2B9A73218A060C00060943 /* Products */ = {
			isa = PBXGroup;
			children = (
				7A2B9A72218A060C00060943 /* SampleAppWithGPX.app */,
				7A2B9A8B218A062700060943 /* SampleAppWithGPXUITests.xctest */,
			);
			name = Products;
			sourceTree = "<group>";
		};
		7A2B9A74218A060C00060943 /* SampleAppWithGPX */ = {
			isa = PBXGroup;
			children = (
				7A2B9A75218A060C00060943 /* AppDelegate.swift */,
				7A2B9A77218A060C00060943 /* ViewController.swift */,
				7A2B9A79218A060C00060943 /* Main.storyboard */,
				7A2B9A7C218A060E00060943 /* Assets.xcassets */,
				7A2B9A7E218A060E00060943 /* LaunchScreen.storyboard */,
				7A2B9A81218A060E00060943 /* Info.plist */,
			);
			path = SampleAppWithGPX;
			sourceTree = "<group>";
		};
		7A2B9A8C218A062700060943 /* SampleAppWithGPXUITests */ = {
			isa = PBXGroup;
			children = (
				7A2B9A8D218A062700060943 /* SampleAppWithGPXUITests.swift */,
				7A2B9A8F218A062700060943 /* Info.plist */,
			);
			path = SampleAppWithGPXUITests;
			sourceTree = "<group>";
		};
/* End PBXGroup section */

/* Begin PBXNativeTarget section */
		7A2B9A71218A060C00060943 /* SampleAppWithGPX */ = {
			isa = PBXNativeTarget;
			buildConfigurationList = 7A2B9A84218A060E00060943 /* Build configuration list for PBXNativeTarget "SampleAppWithGPX" */;
			buildPhases = (
				7A2B9A6E218A060C00060943 /* Sources */,
				7A2B9A6F218A060C00060943 /* Frameworks */,
				7A2B9A70218A060C00060943 /* Resources */,
			);
			buildRules = (
			);
			dependencies = (
			);
			name = SampleAppWithGPX;
			productName = SampleAppWithGPX;
			productReference = 7A2B9A72218A060C00060943 /* SampleAppWithGPX.app */;
			productType = "com.apple.product-type.application";
		};
		7A2B9A8A218A062700060943 /* SampleAppWithGPXUITests */ = {
			isa = PBXNativeTarget;
			buildConfigurationList = 7A2B9A92218A062700060943 /* Build configuration list for PBXNativeTarget "SampleAppWithGPXUITests" */;
			buildPhases = (
				7A2B9A87218A062700060943 /* Sources */,
				7A2B9A88218A062700060943 /* Frameworks */,
				7A2B9A89218A062700060943 /* Resources */,
			);
			buildRules = (
			);
			dependencies = (
				7A2B9A91218A062700060943 /* PBXTargetDependency */,
			);
			name = SampleAppWithGPXUITests;
			productName = SampleAppWithGPXUITests;
			productReference = 7A2B9A8B218A062700060943 /* SampleAppWithGPXUITests.xctest */;
			productType = "com.apple.product-type.bundle.ui-testing";
		};
/* End PBXNativeTarget section */

/* Begin PBXProject section */
		7A2B9A6A218A060C00060943 /* Project object */ = {
			isa = PBXProject;
			attributes = {
				LastSwiftUpdateCheck = 1000;
				LastUpgradeCheck = 1000;
				ORGANIZATIONNAME = Buddybuild;
				TargetAttributes = {
					7A2B9A71218A060C00060943 = {
						CreatedOnToolsVersion = 10.0;
					};
					7A2B9A8A218A062700060943 = {
						CreatedOnToolsVersion = 10.0;
						TestTargetID = 7A2B9A71218A060C00060943;
					};
				};
			};
			buildConfigurationList = 7A2B9A6D218A060C00060943 /* Build configuration list for PBXProject "SampleAppWithGPX" */;
			compatibilityVersion = "Xcode 9.3";
			developmentRegion = en;
			hasScannedForEncodings = 0;
			knownRegions = (
				en,
				Base,
			);
			mainGroup = 7A2B9A69218A060C00060943;
			productRefGroup = 7A2B9A73218A060C00060943 /* Products */;
			projectDirPath = "";
			projectRoot = "";
			targets = (
				7A2B9A71218A060C00060943 /* SampleAppWithGPX */,
				7A2B9A8A218A062700060943 /* SampleAppWithGPXUITests */,
			);
		};
/* End PBXProject section */

/* Begin PBXResourcesBuildPhase section */
		7A2B9A70218A060C00060943 /* Resources */ = {
			isa = PBXResourcesBuildPhase;
			buildActionMask = 2147483647;
			files = (
				7A2B9A80218A060E00060943 /* LaunchScreen.storyboard in Resources */,
				7A2B9A7D218A060E00060943 /* Assets.xcassets in Resources */,
				7A2B9A7B218A060C00060943 /* Main.storyboard in Resources */,
			);
			runOnlyForDeploymentPostprocessing = 0;
		};
		7A2B9A89218A062700060943 /* Resources */ = {
			isa = PBXResourcesBuildPhase;
			buildActionMask = 2147483647;
			files = (
			);
			runOnlyForDeploymentPostprocessing = 0;
		};
/* End PBXResourcesBuildPhase section */

/* Begin PBXSourcesBuildPhase section */
		7A2B9A6E218A060C00060943 /* Sources */ = {
			isa = PBXSourcesBuildPhase;
			buildActionMask = 2147483647;
			files = (
				7A2B9A78218A060C00060943 /* ViewController.swift in Sources */,
				7A2B9A76218A060C00060943 /* AppDelegate.swift in Sources */,
			);
			runOnlyForDeploymentPostprocessing = 0;
		};
		7A2B9A87218A062700060943 /* Sources */ = {
			isa = PBXSourcesBuildPhase;
			buildActionMask = 2147483647;
			files = (
				7A2B9A8E218A062700060943 /* SampleAppWithGPXUITests.swift in Sources */,
			);
			runOnlyForDeploymentPostprocessing = 0;
		};
/* End PBXSourcesBuildPhase section */

/* Begin PBXTargetDependency section */
		7A2B9A91218A062700060943 /* PBXTargetDependency */ = {
			isa = PBXTargetDependency;
			target = 7A2B9A71218A060C00060943 /* SampleAppWithGPX */;
			targetProxy = 7A2B9A90218A062700060943 /* PBXContainerItemProxy */;
		};
/* End PBXTargetDependency section */

/* Begin PBXVariantGroup section */
		7A2B9A79218A060C00060943 /* Main.storyboard */ = {
			isa = PBXVariantGroup;
			children = (
				7A2B9A7A218A060C00060943 /* Base */,
			);
			name = Main.storyboard;
			sourceTree = "<group>";
		};
		7A2B9A7E218A060E00060943 /* LaunchScreen.storyboard */ = {
			isa = PBXVariantGroup;
			children = (
				7A2B9A7F218A060E00060943 /* Base */,
			);
			name = LaunchScreen.storyboard;
			sourceTree = "<group>";
		};
/* End PBXVariantGroup section */

/* Begin XCBuildConfiguration section */
		7A2B9A82218A060E00060943 /* Debug */ = {
			isa = XCBuildConfiguration;
			buildSettings = {
				ALWAYS_SEARCH_USER_PATHS = NO;
				CLANG_ANALYZER_NONNULL = YES;
				CLANG_ANALYZER_NUMBER_OBJECT_CONVERSION = YES_AGGRESSIVE;
				CLANG_CXX_LANGUAGE_STANDARD = "gnu++14";
				CLANG_CXX_LIBRARY = "libc++";
				CLANG_ENABLE_MODULES = YES;
				CLANG_ENABLE_OBJC_ARC = YES;
				CLANG_ENABLE_OBJC_WEAK = YES;
				CLANG_WARN_BLOCK_CAPTURE_AUTORELEASING = YES;
				CLANG_WARN_BOOL_CONVERSION = YES;
				CLANG_WARN_COMMA = YES;
				CLANG_WARN_CONSTANT_CONVERSION = YES;
				CLANG_WARN_DEPRECATED_OBJC_IMPLEMENTATIONS = YES;
				CLANG_WARN_DIRECT_OBJC_ISA_USAGE = YES_ERROR;
				CLANG_WARN_DOCUMENTATION_COMMENTS = YES;
				CLANG_WARN_EMPTY_BODY = YES;
				CLANG_WARN_ENUM_CONVERSION = YES;
				CLANG_WARN_INFINITE_RECURSION = YES;
				CLANG_WARN_INT_CONVERSION = YES;
				CLANG_WARN_NON_LITERAL_NULL_CONVERSION = YES;
				CLANG_WARN_OBJC_IMPLICIT_RETAIN_SELF = YES;
				CLANG_WARN_OBJC_LITERAL_CONVERSION = YES;
				CLANG_WARN_OBJC_ROOT_CLASS = YES_ERROR;
				CLANG_WARN_RANGE_LOOP_ANALYSIS = YES;
				CLANG_WARN_STRICT_PROTOTYPES = YES;
				CLANG_WARN_SUSPICIOUS_MOVE = YES;
				CLANG_WARN_UNGUARDED_AVAILABILITY = YES_AGGRESSIVE;
				CLANG_WARN_UNREACHABLE_CODE = YES;
				CLANG_WARN__DUPLICATE_METHOD_MATCH = YES;
				CODE_SIGN_IDENTITY = "iPhone Developer";
				COPY_PHASE_STRIP = NO;
				DEBUG_INFORMATION_FORMAT = dwarf;
				ENABLE_STRICT_OBJC_MSGSEND = YES;
				ENABLE_TESTABILITY = YES;
				GCC_C_LANGUAGE_STANDARD = gnu11;
				GCC_DYNAMIC_NO_PIC = NO;
				GCC_NO_COMMON_BLOCKS = YES;
				GCC_OPTIMIZATION_LEVEL = 0;
				GCC_PREPROCESSOR_DEFINITIONS = (
					"DEBUG=1",
					"$(inherited)",
				);
				GCC_WARN_64_TO_32_BIT_CONVERSION = YES;
				GCC_WARN_ABOUT_RETURN_TYPE = YES_ERROR;
				GCC_WARN_UNDECLARED_SELECTOR = YES;
				GCC_WARN_UNINITIALIZED_AUTOS = YES_AGGRESSIVE;
				GCC_WARN_UNUSED_FUNCTION = YES;
				GCC_WARN_UNUSED_VARIABLE = YES;
				IPHONEOS_DEPLOYMENT_TARGET = 12.0;
				MTL_ENABLE_DEBUG_INFO = INCLUDE_SOURCE;
				MTL_FAST_MATH = YES;
				ONLY_ACTIVE_ARCH = YES;
				SDKROOT = iphoneos;
				SWIFT_ACTIVE_COMPILATION_CONDITIONS = DEBUG;
				SWIFT_OPTIMIZATION_LEVEL = "-Onone";
			};
			name = Debug;
		};
		7A2B9A83218A060E00060943 /* Release */ = {
			isa = XCBuildConfiguration;
			buildSettings = {
				ALWAYS_SEARCH_USER_PATHS = NO;
				CLANG_ANALYZER_NONNULL = YES;
				CLANG_ANALYZER_NUMBER_OBJECT_CONVERSION = YES_AGGRESSIVE;
				CLANG_CXX_LANGUAGE_STANDARD = "gnu++14";
				CLANG_CXX_LIBRARY = "libc++";
				CLANG_ENABLE_MODULES = YES;
				CLANG_ENABLE_OBJC_ARC = YES;
				CLANG_ENABLE_OBJC_WEAK = YES;
				CLANG_WARN_BLOCK_CAPTURE_AUTORELEASING = YES;
				CLANG_WARN_BOOL_CONVERSION = YES;
				CLANG_WARN_COMMA = YES;
				CLANG_WARN_CONSTANT_CONVERSION = YES;
				CLANG_WARN_DEPRECATED_OBJC_IMPLEMENTATIONS = YES;
				CLANG_WARN_DIRECT_OBJC_ISA_USAGE = YES_ERROR;
				CLANG_WARN_DOCUMENTATION_COMMENTS = YES;
				CLANG_WARN_EMPTY_BODY = YES;
				CLANG_WARN_ENUM_CONVERSION = YES;
				CLANG_WARN_INFINITE_RECURSION = YES;
				CLANG_WARN_INT_CONVERSION = YES;
				CLANG_WARN_NON_LITERAL_NULL_CONVERSION = YES;
				CLANG_WARN_OBJC_IMPLICIT_RETAIN_SELF = YES;
				CLANG_WARN_OBJC_LITERAL_CONVERSION = YES;
				CLANG_WARN_OBJC_ROOT_CLASS = YES_ERROR;
				CLANG_WARN_RANGE_LOOP_ANALYSIS = YES;
				CLANG_WARN_STRICT_PROTOTYPES = YES;
				CLANG_WARN_SUSPICIOUS_MOVE = YES;
				CLANG_WARN_UNGUARDED_AVAILABILITY = YES_AGGRESSIVE;
				CLANG_WARN_UNREACHABLE_CODE = YES;
				CLANG_WARN__DUPLICATE_METHOD_MATCH = YES;
				CODE_SIGN_IDENTITY = "iPhone Developer";
				COPY_PHASE_STRIP = NO;
				DEBUG_INFORMATION_FORMAT = "dwarf-with-dsym";
				ENABLE_NS_ASSERTIONS = NO;
				ENABLE_STRICT_OBJC_MSGSEND = YES;
				GCC_C_LANGUAGE_STANDARD = gnu11;
				GCC_NO_COMMON_BLOCKS = YES;
				GCC_WARN_64_TO_32_BIT_CONVERSION = YES;
				GCC_WARN_ABOUT_RETURN_TYPE = YES_ERROR;
				GCC_WARN_UNDECLARED_SELECTOR = YES;
				GCC_WARN_UNINITIALIZED_AUTOS = YES_AGGRESSIVE;
				GCC_WARN_UNUSED_FUNCTION = YES;
				GCC_WARN_UNUSED_VARIABLE = YES;
				IPHONEOS_DEPLOYMENT_TARGET = 12.0;
				MTL_ENABLE_DEBUG_INFO = NO;
				MTL_FAST_MATH = YES;
				SDKROOT = iphoneos;
				SWIFT_COMPILATION_MODE = wholemodule;
				SWIFT_OPTIMIZATION_LEVEL = "-O";
				VALIDATE_PRODUCT = YES;
			};
			name = Release;
		};
		7A2B9A85218A060E00060943 /* Debug */ = {
			isa = XCBuildConfiguration;
			buildSettings = {
				ASSETCATALOG_COMPILER_APPICON_NAME = AppIcon;
				CODE_SIGN_STYLE = Automatic;
				DEVELOPMENT_TEAM = L4FET847JL;
				INFOPLIST_FILE = SampleAppWithGPX/Info.plist;
				LD_RUNPATH_SEARCH_PATHS = (
					"$(inherited)",
					"@executable_path/Frameworks",
				);
				PRODUCT_BUNDLE_IDENTIFIER = com.buddybuild.SampleAppWithGPX;
				PRODUCT_NAME = "$(TARGET_NAME)";
				SWIFT_VERSION = 4.2;
				TARGETED_DEVICE_FAMILY = "1,2";
			};
			name = Debug;
		};
		7A2B9A86218A060E00060943 /* Release */ = {
			isa = XCBuildConfiguration;
			buildSettings = {
				ASSETCATALOG_COMPILER_APPICON_NAME = AppIcon;
				CODE_SIGN_STYLE = Automatic;
				DEVELOPMENT_TEAM = L4FET847JL;
				INFOPLIST_FILE = SampleAppWithGPX/Info.plist;
				LD_RUNPATH_SEARCH_PATHS = (
					"$(inherited)",
					"@executable_path/Frameworks",
				);
				PRODUCT_BUNDLE_IDENTIFIER = com.buddybuild.SampleAppWithGPX;
				PRODUCT_NAME = "$(TARGET_NAME)";
				SWIFT_VERSION = 4.2;
				TARGETED_DEVICE_FAMILY = "1,2";
			};
			name = Release;
		};
		7A2B9A93218A062700060943 /* Debug */ = {
			isa = XCBuildConfiguration;
			buildSettings = {
				CODE_SIGN_STYLE = Automatic;
				DEVELOPMENT_TEAM = L4FET847JL;
				INFOPLIST_FILE = SampleAppWithGPXUITests/Info.plist;
				LD_RUNPATH_SEARCH_PATHS = (
					"$(inherited)",
					"@executable_path/Frameworks",
					"@loader_path/Frameworks",
				);
				PRODUCT_BUNDLE_IDENTIFIER = com.buddybuild.SampleAppWithGPXUITests;
				PRODUCT_NAME = "$(TARGET_NAME)";
				SWIFT_VERSION = 4.2;
				TARGETED_DEVICE_FAMILY = "1,2";
				TEST_TARGET_NAME = SampleAppWithGPX;
			};
			name = Debug;
		};
		7A2B9A94218A062700060943 /* Release */ = {
			isa = XCBuildConfiguration;
			buildSettings = {
				CODE_SIGN_STYLE = Automatic;
				DEVELOPMENT_TEAM = L4FET847JL;
				INFOPLIST_FILE = SampleAppWithGPXUITests/Info.plist;
				LD_RUNPATH_SEARCH_PATHS = (
					"$(inherited)",
					"@executable_path/Frameworks",
					"@loader_path/Frameworks",
				);
				PRODUCT_BUNDLE_IDENTIFIER = com.buddybuild.SampleAppWithGPXUITests;
				PRODUCT_NAME = "$(TARGET_NAME)";
				SWIFT_VERSION = 4.2;
				TARGETED_DEVICE_FAMILY = "1,2";
				TEST_TARGET_NAME = SampleAppWithGPX;
			};
			name = Release;
		};
/* End XCBuildConfiguration section */

/* Begin XCConfigurationList section */
		7A2B9A6D218A060C00060943 /* Build configuration list for PBXProject "SampleAppWithGPX" */ = {
			isa = XCConfigurationList;
			buildConfigurations = (
				7A2B9A82218A060E00060943 /* Debug */,
				7A2B9A83218A060E00060943 /* Release */,
			);
			defaultConfigurationIsVisible = 0;
			defaultConfigurationName = Release;
		};
		7A2B9A84218A060E00060943 /* Build configuration list for PBXNativeTarget "SampleAppWithGPX" */ = {
			isa = XCConfigurationList;
			buildConfigurations = (
				7A2B9A85218A060E00060943 /* Debug */,
				7A2B9A86218A060E00060943 /* Release */,
			);
			defaultConfigurationIsVisible = 0;
			defaultConfigurationName = Release;
		};
		7A2B9A92218A062700060943 /* Build configuration list for PBXNativeTarget "SampleAppWithGPXUITests" */ = {
			isa = XCConfigurationList;
			buildConfigurations = (
				7A2B9A93218A062700060943 /* Debug */,
				7A2B9A94218A062700060943 /* Release */,
			);
			defaultConfigurationIsVisible = 0;
			defaultConfigurationName = Release;
		};
/* End XCConfigurationList section */
	};
	rootObject = 7A2B9A6A218A060C00060943 /* Project object */;
}
